Microsoft Visual Studio Solution File, Format Version 12.00
# Visual Studio Version 17
VisualStudioVersion = 17.5.2.0
MinimumVisualStudioVersion = 10.0.40219.1
Project("{FAE04EC0-301F-11D3-BF4B-00C04F79EFBC}") = "BestPracticesMcp", "BestPracticesMcp.csproj", "{764D0FE3-2CED-0DCA-491B-CDDCDC72227A}"
EndProject
Global
	GlobalSection(SolutionConfigurationPlatforms) = preSolution
		Debug|Any CPU = Debug|Any CPU
		Release|Any CPU = Release|Any CPU
	EndGlobalSection
	GlobalSection(ProjectConfigurationPlatforms) = postSolution
		{764D0FE3-2CED-0DCA-491B-CDDCDC72227A}.Debug|Any CPU.ActiveCfg = Debug|Any CPU
		{764D0FE3-2CED-0DCA-491B-CDDCDC72227A}.Debug|Any CPU.Build.0 = Debug|Any CPU
		{764D0FE3-2CED-0DCA-491B-CDDCDC72227A}.Release|Any CPU.ActiveCfg = Release|Any CPU
		{764D0FE3-2CED-0DCA-491B-CDDCDC72227A}.Release|Any CPU.Build.0 = Release|Any CPU
	EndGlobalSection
	GlobalSection(SolutionProperties) = preSolution
		HideSolutionNode = FALSE
	EndGlobalSection
	GlobalSection(ExtensibilityGlobals) = postSolution
		SolutionGuid = {1422FE02-11E2-423B-869E-8CE0F3C5A9E9}
	EndGlobalSection
EndGlobal
